
Microsoft Visual Studio Solution File, Format Version 12.00
# Visual Studio Version 17
VisualStudioVersion = 17.4.33110.190
MinimumVisualStudioVersion = 10.0.40219.1
Project("{9A19103F-16F7-4668-BE54-9A1E7A4F7556}") = "Client", "Client\Client.csproj", "{C3D8FB8F-A4A8-4E47-B398-D150544B8CCF}"
EndProject
Project("{9A19103F-16F7-4668-BE54-9A1E7A4F7556}") = "Server", "Server\Server.csproj", "{E2124D8A-8DFA-4693-9FDB-68F748F62736}"
EndProject
Project("{9A19103F-16F7-4668-BE54-9A1E7A4F7556}") = "Shared", "Shared\Shared.csproj", "{909A74E1-430A-425D-A1BA-60C03EB2892C}"
EndProject
Global
	GlobalSection(SolutionConfigurationPlatforms) = preSolution
		Debug|Any CPU = Debug|Any CPU
		Release|Any CPU = Release|Any CPU
	EndGlobalSection
	GlobalSection(ProjectConfigurationPlatforms) = postSolution
		{C3D8FB8F-A4A8-4E47-B398-D150544B8CCF}.Debug|Any CPU.ActiveCfg = Debug|Any CPU
		{C3D8FB8F-A4A8-4E47-B398-D150544B8CCF}.Debug|Any CPU.Build.0 = Debug|Any CPU
		{C3D8FB8F-A4A8-4E47-B398-D150544B8CCF}.Release|Any CPU.ActiveCfg = Release|Any CPU
		{C3D8FB8F-A4A8-4E47-B398-D150544B8CCF}.Release|Any CPU.Build.0 = Release|Any CPU
		{E2124D8A-8DFA-4693-9FDB-68F748F62736}.Debug|Any CPU.ActiveCfg = Debug|Any CPU
		{E2124D8A-8DFA-4693-9FDB-68F748F62736}.Debug|Any CPU.Build.0 = Debug|Any CPU
		{E2124D8A-8DFA-4693-9FDB-68F748F62736}.Release|Any CPU.ActiveCfg = Release|Any CPU
		{E2124D8A-8DFA-4693-9FDB-68F748F62736}.Release|Any CPU.Build.0 = Release|Any CPU
		{909A74E1-430A-425D-A1BA-60C03EB2892C}.Debug|Any CPU.ActiveCfg = Debug|Any CPU
		{909A74E1-430A-425D-A1BA-60C03EB2892C}.Debug|Any CPU.Build.0 = Debug|Any CPU
		{909A74E1-430A-425D-A1BA-60C03EB2892C}.Release|Any CPU.ActiveCfg = Release|Any CPU
		{909A74E1-430A-425D-A1BA-60C03EB2892C}.Release|Any CPU.Build.0 = Release|Any CPU
	EndGlobalSection
	GlobalSection(SolutionProperties) = preSolution
		HideSolutionNode = FALSE
	EndGlobalSection
	GlobalSection(ExtensibilityGlobals) = postSolution
		SolutionGuid = {DFCD8B1D-0197-4387-ABDB-D90F4A9CB9C7}
	EndGlobalSection
EndGlobal
